// !$*UTF8*$!
{
	archiveVersion = 1;
	classes = {
	};
	objectVersion = 48;
	objects = {

/* Begin PBXBuildFile section */
		BECFEF672061BA1A00F2D9DA /* AppDelegate.swift in Sources */ = {isa = PBXBuildFile; fileRef = BECFEF662061BA1A00F2D9DA /* AppDelegate.swift */; };
		BECFEF692061BA1A00F2D9DA /* ViewController.swift in Sources */ = {isa = PBXBuildFile; fileRef = BECFEF682061BA1A00F2D9DA /* ViewController.swift */; };
		BECFEF6C2061BA1A00F2D9DA /* Main.storyboard in Resources */ = {isa = PBXBuildFile; fileRef = BECFEF6A2061BA1A00F2D9DA /* Main.storyboard */; };
		BECFEF6E2061BA1A00F2D9DA /* Assets.xcassets in Resources */ = {isa = PBXBuildFile; fileRef = BECFEF6D2061BA1A00F2D9DA /* Assets.xcassets */; };
		BECFEF712061BA1A00F2D9DA /* LaunchScreen.storyboard in Resources */ = {isa = PBXBuildFile; fileRef = BECFEF6F2061BA1A00F2D9DA /* LaunchScreen.storyboard */; };
		BECFEF7C2061BA1A00F2D9DA /* LinkedList_CardDeckTests.swift in Sources */ = {isa = PBXBuildFile; fileRef = BECFEF7B2061BA1A00F2D9DA /* LinkedList_CardDeckTests.swift */; };
		BECFEF882061BA3200F2D9DA /* LinkedList.swift in Sources */ = {isa = PBXBuildFile; fileRef = BECFEF872061BA3200F2D9DA /* LinkedList.swift */; };
		BECFEF8A206246D900F2D9DA /* LinkedListNode.swift in Sources */ = {isa = PBXBuildFile; fileRef = BECFEF89206246D900F2D9DA /* LinkedListNode.swift */; };
		BECFEF8C2062472200F2D9DA /* DoublyLinkedList.swift in Sources */ = {isa = PBXBuildFile; fileRef = BECFEF8B2062472200F2D9DA /* DoublyLinkedList.swift */; };
		BECFEFC62063103400F2D9DA /* back.png in Resources */ = {isa = PBXBuildFile; fileRef = BECFEF8E2063102B00F2D9DA /* back.png */; };
		BECFEFC72063103400F2D9DA /* 8_of_clubs.png in Resources */ = {isa = PBXBuildFile; fileRef = BECFEF8F2063102B00F2D9DA /* 8_of_clubs.png */; };
		BECFEFC82063103400F2D9DA /* 6_of_hearts.png in Resources */ = {isa = PBXBuildFile; fileRef = BECFEF902063102B00F2D9DA /* 6_of_hearts.png */; };
		BECFEFC92063103400F2D9DA /* 7_of_spades.png in Resources */ = {isa = PBXBuildFile; fileRef = BECFEF912063102B00F2D9DA /* 7_of_spades.png */; };
		BECFEFCA2063103400F2D9DA /* jack_of_hearts.png in Resources */ = {isa = PBXBuildFile; fileRef = BECFEF922063102B00F2D9DA /* jack_of_hearts.png */; };
		BECFEFCB2063103400F2D9DA /* queen_of_diamonds.png in Resources */ = {isa = PBXBuildFile; fileRef = BECFEF932063102B00F2D9DA /* queen_of_diamonds.png */; };
		BECFEFCC2063103400F2D9DA /* red_joker.png in Resources */ = {isa = PBXBuildFile; fileRef = BECFEF942063102B00F2D9DA /* red_joker.png */; };
		BECFEFCD2063103400F2D9DA /* king_of_spades.png in Resources */ = {isa = PBXBuildFile; fileRef = BECFEF952063102B00F2D9DA /* king_of_spades.png */; };
		BECFEFCE2063103400F2D9DA /* 2_of_diamonds.png in Resources */ = {isa = PBXBuildFile; fileRef = BECFEF962063102B00F2D9DA /* 2_of_diamonds.png */; };
		BECFEFCF2063103400F2D9DA /* 8_of_hearts.png in Resources */ = {isa = PBXBuildFile; fileRef = BECFEF972063102B00F2D9DA /* 8_of_hearts.png */; };
		BECFEFD02063103400F2D9DA /* 8_of_spades.png in Resources */ = {isa = PBXBuildFile; fileRef = BECFEF982063102C00F2D9DA /* 8_of_spades.png */; };
		BECFEFD12063103400F2D9DA /* ace_of_diamonds.png in Resources */ = {isa = PBXBuildFile; fileRef = BECFEF992063102C00F2D9DA /* ace_of_diamonds.png */; };
		BECFEFD22063103400F2D9DA /* back@2x.png in Resources */ = {isa = PBXBuildFile; fileRef = BECFEF9A2063102C00F2D9DA /* back@2x.png */; };
		BECFEFD32063103400F2D9DA /* king_of_hearts.png in Resources */ = {isa = PBXBuildFile; fileRef = BECFEF9B2063102C00F2D9DA /* king_of_hearts.png */; };
		BECFEFD42063103400F2D9DA /* jack_of_clubs.png in Resources */ = {isa = PBXBuildFile; fileRef = BECFEF9C2063102C00F2D9DA /* jack_of_clubs.png */; };
		BECFEFD52063103400F2D9DA /* 6_of_clubs.png in Resources */ = {isa = PBXBuildFile; fileRef = BECFEF9D2063102C00F2D9DA /* 6_of_clubs.png */; };
		BECFEFD62063103400F2D9DA /* ace_of_spades.png in Resources */ = {isa = PBXBuildFile; fileRef = BECFEF9E2063102C00F2D9DA /* ace_of_spades.png */; };
		BECFEFD72063103400F2D9DA /* jack_of_diamonds.png in Resources */ = {isa = PBXBuildFile; fileRef = BECFEF9F2063102C00F2D9DA /* jack_of_diamonds.png */; };
		BECFEFD82063103400F2D9DA /* queen_of_clubs.png in Resources */ = {isa = PBXBuildFile; fileRef = BECFEFA02063102C00F2D9DA /* queen_of_clubs.png */; };
		BECFEFD92063103400F2D9DA /* 7_of_diamonds.png in Resources */ = {isa = PBXBuildFile; fileRef = BECFEFA12063102C00F2D9DA /* 7_of_diamonds.png */; };
		BECFEFDA2063103400F2D9DA /* 5_of_clubs.png in Resources */ = {isa = PBXBuildFile; fileRef = BECFEFA22063102C00F2D9DA /* 5_of_clubs.png */; };
		BECFEFDB2063103400F2D9DA /* 7_of_hearts.png in Resources */ = {isa = PBXBuildFile; fileRef = BECFEFA32063102C00F2D9DA /* 7_of_hearts.png */; };
		BECFEFDC2063103400F2D9DA /* 8_of_diamonds.png in Resources */ = {isa = PBXBuildFile; fileRef = BECFEFA42063102C00F2D9DA /* 8_of_diamonds.png */; };
		BECFEFDD2063103400F2D9DA /* 9_of_clubs.png in Resources */ = {isa = PBXBuildFile; fileRef = BECFEFA52063102D00F2D9DA /* 9_of_clubs.png */; };
		BECFEFDE2063103400F2D9DA /* 5_of_diamonds.png in Resources */ = {isa = PBXBuildFile; fileRef = BECFEFA62063102D00F2D9DA /* 5_of_diamonds.png */; };
		BECFEFDF2063103400F2D9DA /* 10_of_diamonds.png in Resources */ = {isa = PBXBuildFile; fileRef = BECFEFA72063102D00F2D9DA /* 10_of_diamonds.png */; };
		BECFEFE02063103400F2D9DA /* 3_of_clubs.png in Resources */ = {isa = PBXBuildFile; fileRef = BECFEFA82063102D00F2D9DA /* 3_of_clubs.png */; };
		BECFEFE12063103400F2D9DA /* 7_of_clubs.png in Resources */ = {isa = PBXBuildFile; fileRef = BECFEFA92063102D00F2D9DA /* 7_of_clubs.png */; };
		BECFEFE22063103400F2D9DA /* 10_of_clubs.png in Resources */ = {isa = PBXBuildFile; fileRef = BECFEFAA2063102D00F2D9DA /* 10_of_clubs.png */; };
		BECFEFE32063103400F2D9DA /* 3_of_spades.png in Resources */ = {isa = PBXBuildFile; fileRef = BECFEFAB2063102D00F2D9DA /* 3_of_spades.png */; };
		BECFEFE42063103400F2D9DA /* 3_of_diamonds.png in Resources */ = {isa = PBXBuildFile; fileRef = BECFEFAC2063102D00F2D9DA /* 3_of_diamonds.png */; };
		BECFEFE52063103400F2D9DA /* queen_of_hearts.png in Resources */ = {isa = PBXBuildFile; fileRef = BECFEFAD2063102E00F2D9DA /* queen_of_hearts.png */; };
		BECFEFE62063103400F2D9DA /* 2_of_spades.png in Resources */ = {isa = PBXBuildFile; fileRef = BECFEFAE2063102E00F2D9DA /* 2_of_spades.png */; };
		BECFEFE72063103400F2D9DA /* king_of_diamonds.png in Resources */ = {isa = PBXBuildFile; fileRef = BECFEFAF2063103000F2D9DA /* king_of_diamonds.png */; };
		BECFEFE82063103400F2D9DA /* 5_of_spades.png in Resources */ = {isa = PBXBuildFile; fileRef = BECFEFB02063103000F2D9DA /* 5_of_spades.png */; };
		BECFEFE92063103400F2D9DA /* jack_of_spades.png in Resources */ = {isa = PBXBuildFile; fileRef = BECFEFB12063103000F2D9DA /* jack_of_spades.png */; };
		BECFEFEA2063103400F2D9DA /* 3_of_hearts.png in Resources */ = {isa = PBXBuildFile; fileRef = BECFEFB22063103100F2D9DA /* 3_of_hearts.png */; };
		BECFEFEB2063103400F2D9DA /* ace_of_hearts.png in Resources */ = {isa = PBXBuildFile; fileRef = BECFEFB32063103100F2D9DA /* ace_of_hearts.png */; };
		BECFEFEC2063103400F2D9DA /* 9_of_diamonds.png in Resources */ = {isa = PBXBuildFile; fileRef = BECFEFB42063103100F2D9DA /* 9_of_diamonds.png */; };
		BECFEFED2063103400F2D9DA /* 6_of_diamonds.png in Resources */ = {isa = PBXBuildFile; fileRef = BECFEFB52063103100F2D9DA /* 6_of_diamonds.png */; };
		BECFEFEE2063103400F2D9DA /* queen_of_spades.png in Resources */ = {isa = PBXBuildFile; fileRef = BECFEFB62063103100F2D9DA /* queen_of_spades.png */; };
		BECFEFEF2063103400F2D9DA /* 4_of_clubs.png in Resources */ = {isa = PBXBuildFile; fileRef = BECFEFB72063103100F2D9DA /* 4_of_clubs.png */; };
		BECFEFF02063103400F2D9DA /* black_joker.png in Resources */ = {isa = PBXBuildFile; fileRef = BECFEFB82063103200F2D9DA /* black_joker.png */; };
		BECFEFF12063103400F2D9DA /* 2_of_clubs.png in Resources */ = {isa = PBXBuildFile; fileRef = BECFEFB92063103200F2D9DA /* 2_of_clubs.png */; };
		BECFEFF22063103400F2D9DA /* 4_of_hearts.png in Resources */ = {isa = PBXBuildFile; fileRef = BECFEFBA2063103200F2D9DA /* 4_of_hearts.png */; };
		BECFEFF32063103400F2D9DA /* 5_of_hearts.png in Resources */ = {isa = PBXBuildFile; fileRef = BECFEFBB2063103200F2D9DA /* 5_of_hearts.png */; };
		BECFEFF42063103400F2D9DA /* king_of_clubs.png in Resources */ = {isa = PBXBuildFile; fileRef = BECFEFBC2063103200F2D9DA /* king_of_clubs.png */; };
		BECFEFF52063103400F2D9DA /* 10_of_hearts.png in Resources */ = {isa = PBXBuildFile; fileRef = BECFEFBD2063103200F2D9DA /* 10_of_hearts.png */; };
		BECFEFF62063103400F2D9DA /* 4_of_diamonds.png in Resources */ = {isa = PBXBuildFile; fileRef = BECFEFBE2063103300F2D9DA /* 4_of_diamonds.png */; };
		BECFEFF72063103400F2D9DA /* 2_of_hearts.png in Resources */ = {isa = PBXBuildFile; fileRef = BECFEFBF2063103300F2D9DA /* 2_of_hearts.png */; };
		BECFEFF82063103400F2D9DA /* 9_of_hearts.png in Resources */ = {isa = PBXBuildFile; fileRef = BECFEFC02063103300F2D9DA /* 9_of_hearts.png */; };
		BECFEFF92063103400F2D9DA /* 9_of_spades.png in Resources */ = {isa = PBXBuildFile; fileRef = BECFEFC12063103300F2D9DA /* 9_of_spades.png */; };
		BECFEFFA2063103400F2D9DA /* 10_of_spades.png in Resources */ = {isa = PBXBuildFile; fileRef = BECFEFC22063103300F2D9DA /* 10_of_spades.png */; };
		BECFEFFB2063103400F2D9DA /* ace_of_clubs.png in Resources */ = {isa = PBXBuildFile; fileRef = BECFEFC32063103400F2D9DA /* ace_of_clubs.png */; };
		BECFEFFC2063103400F2D9DA /* 6_of_spades.png in Resources */ = {isa = PBXBuildFile; fileRef = BECFEFC42063103400F2D9DA /* 6_of_spades.png */; };
		BECFEFFD2063103400F2D9DA /* 4_of_spades.png in Resources */ = {isa = PBXBuildFile; fileRef = BECFEFC52063103400F2D9DA /* 4_of_spades.png */; };
		BECFF0002063104A00F2D9DA /* Deck.swift in Sources */ = {isa = PBXBuildFile; fileRef = BECFEFFF2063104A00F2D9DA /* Deck.swift */; };
		BECFF0022064ABF000F2D9DA /* Card.swift in Sources */ = {isa = PBXBuildFile; fileRef = BECFF0012064ABF000F2D9DA /* Card.swift */; };
		BECFF0062064AC9800F2D9DA /* CardView.xib in Resources */ = {isa = PBXBuildFile; fileRef = BECFF0052064AC9800F2D9DA /* CardView.xib */; };
		BECFF0082064ACA200F2D9DA /* CardView.swift in Sources */ = {isa = PBXBuildFile; fileRef = BECFF0072064ACA200F2D9DA /* CardView.swift */; };
/* End PBXBuildFile section */

/* Begin PBXContainerItemProxy section */
		BECFEF782061BA1A00F2D9DA /* PBXContainerItemProxy */ = {
			isa = PBXContainerItemProxy;
			containerPortal = BECFEF5B2061BA1A00F2D9DA /* Project object */;
			proxyType = 1;
			remoteGlobalIDString = BECFEF622061BA1A00F2D9DA;
			remoteInfo = LinkedList_CardDeck;
		};
/* End PBXContainerItemProxy section */

/* Begin PBXFileReference section */
		BECFEF632061BA1A00F2D9DA /* LinkedList_CardDeck.app */ = {isa = PBXFileReference; explicitFileType = wrapper.application; includeInIndex = 0; path = LinkedList_CardDeck.app; sourceTree = BUILT_PRODUCTS_DIR; };
		BECFEF662061BA1A00F2D9DA /* AppDelegate.swift */ = {isa = PBXFileReference; lastKnownFileType = sourcecode.swift; path = AppDelegate.swift; sourceTree = "<group>"; };
		BECFEF682061BA1A00F2D9DA /* ViewController.swift */ = {isa = PBXFileReference; lastKnownFileType = sourcecode.swift; path = ViewController.swift; sourceTree = "<group>"; };
		BECFEF6B2061BA1A00F2D9DA /* Base */ = {isa = PBXFileReference; lastKnownFileType = file.storyboard; name = Base; path = Base.lproj/Main.storyboard; sourceTree = "<group>"; };
		BECFEF6D2061BA1A00F2D9DA /* Assets.xcassets */ = {isa = PBXFileReference; lastKnownFileType = folder.assetcatalog; path = Assets.xcassets; sourceTree = "<group>"; };
		BECFEF702061BA1A00F2D9DA /* Base */ = {isa = PBXFileReference; lastKnownFileType = file.storyboard; name = Base; path = Base.lproj/LaunchScreen.storyboard; sourceTree = "<group>"; };
		BECFEF722061BA1A00F2D9DA /* Info.plist */ = {isa = PBXFileReference; lastKnownFileType = text.plist.xml; path = Info.plist; sourceTree = "<group>"; };
		BECFEF772061BA1A00F2D9DA /* LinkedList_CardDeckTests.xctest */ = {isa = PBXFileReference; explicitFileType = wrapper.cfbundle; includeInIndex = 0; path = LinkedList_CardDeckTests.xctest; sourceTree = BUILT_PRODUCTS_DIR; };
		BECFEF7B2061BA1A00F2D9DA /* LinkedList_CardDeckTests.swift */ = {isa = PBXFileReference; lastKnownFileType = sourcecode.swift; path = LinkedList_CardDeckTests.swift; sourceTree = "<group>"; };
		BECFEF7D2061BA1B00F2D9DA /* Info.plist */ = {isa = PBXFileReference; lastKnownFileType = text.plist.xml; path = Info.plist; sourceTree = "<group>"; };
		BECFEF872061BA3200F2D9DA /* LinkedList.swift */ = {isa = PBXFileReference; lastKnownFileType = sourcecode.swift; path = LinkedList.swift; sourceTree = "<group>"; };
		BECFEF89206246D900F2D9DA /* LinkedListNode.swift */ = {isa = PBXFileReference; lastKnownFileType = sourcecode.swift; path = LinkedListNode.swift; sourceTree = "<group>"; };
		BECFEF8B2062472200F2D9DA /* DoublyLinkedList.swift */ = {isa = PBXFileReference; lastKnownFileType = sourcecode.swift; path = DoublyLinkedList.swift; sourceTree = "<group>"; };
		BECFEF8E2063102B00F2D9DA /* back.png */ = {isa = PBXFileReference; lastKnownFileType = image.png; path = back.png; sourceTree = "<group>"; };
		BECFEF8F2063102B00F2D9DA /* 8_of_clubs.png */ = {isa = PBXFileReference; lastKnownFileType = image.png; path = 8_of_clubs.png; sourceTree = "<group>"; };
		BECFEF902063102B00F2D9DA /* 6_of_hearts.png */ = {isa = PBXFileReference; lastKnownFileType = image.png; path = 6_of_hearts.png; sourceTree = "<group>"; };
		BECFEF912063102B00F2D9DA /* 7_of_spades.png */ = {isa = PBXFileReference; lastKnownFileType = image.png; path = 7_of_spades.png; sourceTree = "<group>"; };
		BECFEF922063102B00F2D9DA /* jack_of_hearts.png */ = {isa = PBXFileReference; lastKnownFileType = image.png; path = jack_of_hearts.png; sourceTree = "<group>"; };
		BECFEF932063102B00F2D9DA /* queen_of_diamonds.png */ = {isa = PBXFileReference; lastKnownFileType = image.png; path = queen_of_diamonds.png; sourceTree = "<group>"; };
		BECFEF942063102B00F2D9DA /* red_joker.png */ = {isa = PBXFileReference; lastKnownFileType = image.png; path = red_joker.png; sourceTree = "<group>"; };
		BECFEF952063102B00F2D9DA /* king_of_spades.png */ = {isa = PBXFileReference; lastKnownFileType = image.png; path = king_of_spades.png; sourceTree = "<group>"; };
		BECFEF962063102B00F2D9DA /* 2_of_diamonds.png */ = {isa = PBXFileReference; lastKnownFileType = image.png; path = 2_of_diamonds.png; sourceTree = "<group>"; };
		BECFEF972063102B00F2D9DA /* 8_of_hearts.png */ = {isa = PBXFileReference; lastKnownFileType = image.png; path = 8_of_hearts.png; sourceTree = "<group>"; };
		BECFEF982063102C00F2D9DA /* 8_of_spades.png */ = {isa = PBXFileReference; lastKnownFileType = image.png; path = 8_of_spades.png; sourceTree = "<group>"; };
		BECFEF992063102C00F2D9DA /* ace_of_diamonds.png */ = {isa = PBXFileReference; lastKnownFileType = image.png; path = ace_of_diamonds.png; sourceTree = "<group>"; };
		BECFEF9A2063102C00F2D9DA /* back@2x.png */ = {isa = PBXFileReference; lastKnownFileType = image.png; path = "back@2x.png"; sourceTree = "<group>"; };
		BECFEF9B2063102C00F2D9DA /* king_of_hearts.png */ = {isa = PBXFileReference; lastKnownFileType = image.png; path = king_of_hearts.png; sourceTree = "<group>"; };
		BECFEF9C2063102C00F2D9DA /* jack_of_clubs.png */ = {isa = PBXFileReference; lastKnownFileType = image.png; path = jack_of_clubs.png; sourceTree = "<group>"; };
		BECFEF9D2063102C00F2D9DA /* 6_of_clubs.png */ = {isa = PBXFileReference; lastKnownFileType = image.png; path = 6_of_clubs.png; sourceTree = "<group>"; };
		BECFEF9E2063102C00F2D9DA /* ace_of_spades.png */ = {isa = PBXFileReference; lastKnownFileType = image.png; path = ace_of_spades.png; sourceTree = "<group>"; };
		BECFEF9F2063102C00F2D9DA /* jack_of_diamonds.png */ = {isa = PBXFileReference; lastKnownFileType = image.png; path = jack_of_diamonds.png; sourceTree = "<group>"; };
		BECFEFA02063102C00F2D9DA /* queen_of_clubs.png */ = {isa = PBXFileReference; lastKnownFileType = image.png; path = queen_of_clubs.png; sourceTree = "<group>"; };
		BECFEFA12063102C00F2D9DA /* 7_of_diamonds.png */ = {isa = PBXFileReference; lastKnownFileType = image.png; path = 7_of_diamonds.png; sourceTree = "<group>"; };
		BECFEFA22063102C00F2D9DA /* 5_of_clubs.png */ = {isa = PBXFileReference; lastKnownFileType = image.png; path = 5_of_clubs.png; sourceTree = "<group>"; };
		BECFEFA32063102C00F2D9DA /* 7_of_hearts.png */ = {isa = PBXFileReference; lastKnownFileType = image.png; path = 7_of_hearts.png; sourceTree = "<group>"; };
		BECFEFA42063102C00F2D9DA /* 8_of_diamonds.png */ = {isa = PBXFileReference; lastKnownFileType = image.png; path = 8_of_diamonds.png; sourceTree = "<group>"; };
		BECFEFA52063102D00F2D9DA /* 9_of_clubs.png */ = {isa = PBXFileReference; lastKnownFileType = image.png; path = 9_of_clubs.png; sourceTree = "<group>"; };
		BECFEFA62063102D00F2D9DA /* 5_of_diamonds.png */ = {isa = PBXFileReference; lastKnownFileType = image.png; path = 5_of_diamonds.png; sourceTree = "<group>"; };
		BECFEFA72063102D00F2D9DA /* 10_of_diamonds.png */ = {isa = PBXFileReference; lastKnownFileType = image.png; path = 10_of_diamonds.png; sourceTree = "<group>"; };
		BECFEFA82063102D00F2D9DA /* 3_of_clubs.png */ = {isa = PBXFileReference; lastKnownFileType = image.png; path = 3_of_clubs.png; sourceTree = "<group>"; };
		BECFEFA92063102D00F2D9DA /* 7_of_clubs.png */ = {isa = PBXFileReference; lastKnownFileType = image.png; path = 7_of_clubs.png; sourceTree = "<group>"; };
		BECFEFAA2063102D00F2D9DA /* 10_of_clubs.png */ = {isa = PBXFileReference; lastKnownFileType = image.png; path = 10_of_clubs.png; sourceTree = "<group>"; };
		BECFEFAB2063102D00F2D9DA /* 3_of_spades.png */ = {isa = PBXFileReference; lastKnownFileType = image.png; path = 3_of_spades.png; sourceTree = "<group>"; };
		BECFEFAC2063102D00F2D9DA /* 3_of_diamonds.png */ = {isa = PBXFileReference; lastKnownFileType = image.png; path = 3_of_diamonds.png; sourceTree = "<group>"; };
		BECFEFAD2063102E00F2D9DA /* queen_of_hearts.png */ = {isa = PBXFileReference; lastKnownFileType = image.png; path = queen_of_hearts.png; sourceTree = "<group>"; };
		BECFEFAE2063102E00F2D9DA /* 2_of_spades.png */ = {isa = PBXFileReference; lastKnownFileType = image.png; path = 2_of_spades.png; sourceTree = "<group>"; };
		BECFEFAF2063103000F2D9DA /* king_of_diamonds.png */ = {isa = PBXFileReference; lastKnownFileType = image.png; path = king_of_diamonds.png; sourceTree = "<group>"; };
		BECFEFB02063103000F2D9DA /* 5_of_spades.png */ = {isa = PBXFileReference; lastKnownFileType = image.png; path = 5_of_spades.png; sourceTree = "<group>"; };
		BECFEFB12063103000F2D9DA /* jack_of_spades.png */ = {isa = PBXFileReference; lastKnownFileType = image.png; path = jack_of_spades.png; sourceTree = "<group>"; };
		BECFEFB22063103100F2D9DA /* 3_of_hearts.png */ = {isa = PBXFileReference; lastKnownFileType = image.png; path = 3_of_hearts.png; sourceTree = "<group>"; };
		BECFEFB32063103100F2D9DA /* ace_of_hearts.png */ = {isa = PBXFileReference; lastKnownFileType = image.png; path = ace_of_hearts.png; sourceTree = "<group>"; };
		BECFEFB42063103100F2D9DA /* 9_of_diamonds.png */ = {isa = PBXFileReference; lastKnownFileType = image.png; path = 9_of_diamonds.png; sourceTree = "<group>"; };
		BECFEFB52063103100F2D9DA /* 6_of_diamonds.png */ = {isa = PBXFileReference; lastKnownFileType = image.png; path = 6_of_diamonds.png; sourceTree = "<group>"; };
		BECFEFB62063103100F2D9DA /* queen_of_spades.png */ = {isa = PBXFileReference; lastKnownFileType = image.png; path = queen_of_spades.png; sourceTree = "<group>"; };
		BECFEFB72063103100F2D9DA /* 4_of_clubs.png */ = {isa = PBXFileReference; lastKnownFileType = image.png; path = 4_of_clubs.png; sourceTree = "<group>"; };
		BECFEFB82063103200F2D9DA /* black_joker.png */ = {isa = PBXFileReference; lastKnownFileType = image.png; path = black_joker.png; sourceTree = "<group>"; };
		BECFEFB92063103200F2D9DA /* 2_of_clubs.png */ = {isa = PBXFileReference; lastKnownFileType = image.png; path = 2_of_clubs.png; sourceTree = "<group>"; };
		BECFEFBA2063103200F2D9DA /* 4_of_hearts.png */ = {isa = PBXFileReference; lastKnownFileType = image.png; path = 4_of_hearts.png; sourceTree = "<group>"; };
		BECFEFBB2063103200F2D9DA /* 5_of_hearts.png */ = {isa = PBXFileReference; lastKnownFileType = image.png; path = 5_of_hearts.png; sourceTree = "<group>"; };
		BECFEFBC2063103200F2D9DA /* king_of_clubs.png */ = {isa = PBXFileReference; lastKnownFileType = image.png; path = king_of_clubs.png; sourceTree = "<group>"; };
		BECFEFBD2063103200F2D9DA /* 10_of_hearts.png */ = {isa = PBXFileReference; lastKnownFileType = image.png; path = 10_of_hearts.png; sourceTree = "<group>"; };
		BECFEFBE2063103300F2D9DA /* 4_of_diamonds.png */ = {isa = PBXFileReference; lastKnownFileType = image.png; path = 4_of_diamonds.png; sourceTree = "<group>"; };
		BECFEFBF2063103300F2D9DA /* 2_of_hearts.png */ = {isa = PBXFileReference; lastKnownFileType = image.png; path = 2_of_hearts.png; sourceTree = "<group>"; };
		BECFEFC02063103300F2D9DA /* 9_of_hearts.png */ = {isa = PBXFileReference; lastKnownFileType = image.png; path = 9_of_hearts.png; sourceTree = "<group>"; };
		BECFEFC12063103300F2D9DA /* 9_of_spades.png */ = {isa = PBXFileReference; lastKnownFileType = image.png; path = 9_of_spades.png; sourceTree = "<group>"; };
		BECFEFC22063103300F2D9DA /* 10_of_spades.png */ = {isa = PBXFileReference; lastKnownFileType = image.png; path = 10_of_spades.png; sourceTree = "<group>"; };
		BECFEFC32063103400F2D9DA /* ace_of_clubs.png */ = {isa = PBXFileReference; lastKnownFileType = image.png; path = ace_of_clubs.png; sourceTree = "<group>"; };
		BECFEFC42063103400F2D9DA /* 6_of_spades.png */ = {isa = PBXFileReference; lastKnownFileType = image.png; path = 6_of_spades.png; sourceTree = "<group>"; };
		BECFEFC52063103400F2D9DA /* 4_of_spades.png */ = {isa = PBXFileReference; lastKnownFileType = image.png; path = 4_of_spades.png; sourceTree = "<group>"; };
		BECFEFFF2063104A00F2D9DA /* Deck.swift */ = {isa = PBXFileReference; lastKnownFileType = sourcecode.swift; path = Deck.swift; sourceTree = "<group>"; };
		BECFF0012064ABF000F2D9DA /* Card.swift */ = {isa = PBXFileReference; lastKnownFileType = sourcecode.swift; path = Card.swift; sourceTree = "<group>"; };
		BECFF0052064AC9800F2D9DA /* CardView.xib */ = {isa = PBXFileReference; lastKnownFileType = file.xib; path = CardView.xib; sourceTree = "<group>"; };
		BECFF0072064ACA200F2D9DA /* CardView.swift */ = {isa = PBXFileReference; lastKnownFileType = sourcecode.swift; path = CardView.swift; sourceTree = "<group>"; };
/* End PBXFileReference section */

/* Begin PBXFrameworksBuildPhase section */
		BECFEF602061BA1A00F2D9DA /* Frameworks */ = {
			isa = PBXFrameworksBuildPhase;
			buildActionMask = 2147483647;
			files = (
			);
			runOnlyForDeploymentPostprocessing = 0;
		};
		BECFEF742061BA1A00F2D9DA /* Frameworks */ = {
			isa = PBXFrameworksBuildPhase;
			buildActionMask = 2147483647;
			files = (
			);
			runOnlyForDeploymentPostprocessing = 0;
		};
/* End PBXFrameworksBuildPhase section */

/* Begin PBXGroup section */
		BECFEF5A2061BA1A00F2D9DA = {
			isa = PBXGroup;
			children = (
				BECFEF652061BA1A00F2D9DA /* LinkedList_CardDeck */,
				BECFEF7A2061BA1A00F2D9DA /* LinkedList_CardDeckTests */,
				BECFEF642061BA1A00F2D9DA /* Products */,
			);
			sourceTree = "<group>";
		};
		BECFEF642061BA1A00F2D9DA /* Products */ = {
			isa = PBXGroup;
			children = (
				BECFEF632061BA1A00F2D9DA /* LinkedList_CardDeck.app */,
				BECFEF772061BA1A00F2D9DA /* LinkedList_CardDeckTests.xctest */,
			);
			name = Products;
			sourceTree = "<group>";
		};
		BECFEF652061BA1A00F2D9DA /* LinkedList_CardDeck */ = {
			isa = PBXGroup;
			children = (
				BECFEFFE2063103D00F2D9DA /* Deck */,
				BECFEF8D2063101100F2D9DA /* Assets */,
				BECFEF862061BA2400F2D9DA /* Data Structures */,
				BECFF0032064AC6100F2D9DA /* Views */,
				BECFEF662061BA1A00F2D9DA /* AppDelegate.swift */,
				BECFEF6A2061BA1A00F2D9DA /* Main.storyboard */,
				BECFEF6D2061BA1A00F2D9DA /* Assets.xcassets */,
				BECFEF6F2061BA1A00F2D9DA /* LaunchScreen.storyboard */,
				BECFEF722061BA1A00F2D9DA /* Info.plist */,
			);
			path = LinkedList_CardDeck;
			sourceTree = "<group>";
		};
		BECFEF7A2061BA1A00F2D9DA /* LinkedList_CardDeckTests */ = {
			isa = PBXGroup;
			children = (
				BECFEF7B2061BA1A00F2D9DA /* LinkedList_CardDeckTests.swift */,
				BECFEF7D2061BA1B00F2D9DA /* Info.plist */,
			);
			path = LinkedList_CardDeckTests;
			sourceTree = "<group>";
		};
		BECFEF862061BA2400F2D9DA /* Data Structures */ = {
			isa = PBXGroup;
			children = (
				BECFEF89206246D900F2D9DA /* LinkedListNode.swift */,
				BECFEF872061BA3200F2D9DA /* LinkedList.swift */,
				BECFEF8B2062472200F2D9DA /* DoublyLinkedList.swift */,
			);
			path = "Data Structures";
			sourceTree = "<group>";
		};
		BECFEF8D2063101100F2D9DA /* Assets */ = {
			isa = PBXGroup;
			children = (
				BECFEFB92063103200F2D9DA /* 2_of_clubs.png */,
				BECFEF962063102B00F2D9DA /* 2_of_diamonds.png */,
				BECFEFBF2063103300F2D9DA /* 2_of_hearts.png */,
				BECFEFAE2063102E00F2D9DA /* 2_of_spades.png */,
				BECFEFA82063102D00F2D9DA /* 3_of_clubs.png */,
				BECFEFAC2063102D00F2D9DA /* 3_of_diamonds.png */,
				BECFEFB22063103100F2D9DA /* 3_of_hearts.png */,
				BECFEFAB2063102D00F2D9DA /* 3_of_spades.png */,
				BECFEFB72063103100F2D9DA /* 4_of_clubs.png */,
				BECFEFBE2063103300F2D9DA /* 4_of_diamonds.png */,
				BECFEFBA2063103200F2D9DA /* 4_of_hearts.png */,
				BECFEFC52063103400F2D9DA /* 4_of_spades.png */,
				BECFEFA22063102C00F2D9DA /* 5_of_clubs.png */,
				BECFEFA62063102D00F2D9DA /* 5_of_diamonds.png */,
				BECFEFBB2063103200F2D9DA /* 5_of_hearts.png */,
				BECFEFB02063103000F2D9DA /* 5_of_spades.png */,
				BECFEF9D2063102C00F2D9DA /* 6_of_clubs.png */,
				BECFEFB52063103100F2D9DA /* 6_of_diamonds.png */,
				BECFEF902063102B00F2D9DA /* 6_of_hearts.png */,
				BECFEFC42063103400F2D9DA /* 6_of_spades.png */,
				BECFEFA92063102D00F2D9DA /* 7_of_clubs.png */,
				BECFEFA12063102C00F2D9DA /* 7_of_diamonds.png */,
				BECFEFA32063102C00F2D9DA /* 7_of_hearts.png */,
				BECFEF912063102B00F2D9DA /* 7_of_spades.png */,
				BECFEF8F2063102B00F2D9DA /* 8_of_clubs.png */,
				BECFEFA42063102C00F2D9DA /* 8_of_diamonds.png */,
				BECFEF972063102B00F2D9DA /* 8_of_hearts.png */,
				BECFEF982063102C00F2D9DA /* 8_of_spades.png */,
				BECFEFA52063102D00F2D9DA /* 9_of_clubs.png */,
				BECFEFB42063103100F2D9DA /* 9_of_diamonds.png */,
				BECFEFC02063103300F2D9DA /* 9_of_hearts.png */,
				BECFEFC12063103300F2D9DA /* 9_of_spades.png */,
				BECFEFAA2063102D00F2D9DA /* 10_of_clubs.png */,
				BECFEFA72063102D00F2D9DA /* 10_of_diamonds.png */,
				BECFEFBD2063103200F2D9DA /* 10_of_hearts.png */,
				BECFEFC22063103300F2D9DA /* 10_of_spades.png */,
				BECFEFC32063103400F2D9DA /* ace_of_clubs.png */,
				BECFEF992063102C00F2D9DA /* ace_of_diamonds.png */,
				BECFEFB32063103100F2D9DA /* ace_of_hearts.png */,
				BECFEF9E2063102C00F2D9DA /* ace_of_spades.png */,
				BECFEF8E2063102B00F2D9DA /* back.png */,
				BECFEF9A2063102C00F2D9DA /* back@2x.png */,
				BECFEFB82063103200F2D9DA /* black_joker.png */,
				BECFEF9C2063102C00F2D9DA /* jack_of_clubs.png */,
				BECFEF9F2063102C00F2D9DA /* jack_of_diamonds.png */,
				BECFEF922063102B00F2D9DA /* jack_of_hearts.png */,
				BECFEFB12063103000F2D9DA /* jack_of_spades.png */,
				BECFEFBC2063103200F2D9DA /* king_of_clubs.png */,
				BECFEFAF2063103000F2D9DA /* king_of_diamonds.png */,
				BECFEF9B2063102C00F2D9DA /* king_of_hearts.png */,
				BECFEF952063102B00F2D9DA /* king_of_spades.png */,
				BECFEFA02063102C00F2D9DA /* queen_of_clubs.png */,
				BECFEF932063102B00F2D9DA /* queen_of_diamonds.png */,
				BECFEFAD2063102E00F2D9DA /* queen_of_hearts.png */,
				BECFEFB62063103100F2D9DA /* queen_of_spades.png */,
				BECFEF942063102B00F2D9DA /* red_joker.png */,
			);
			path = Assets;
			sourceTree = "<group>";
		};
		BECFEFFE2063103D00F2D9DA /* Deck */ = {
			isa = PBXGroup;
			children = (
				BECFEFFF2063104A00F2D9DA /* Deck.swift */,
				BECFF0012064ABF000F2D9DA /* Card.swift */,
			);
			path = Deck;
			sourceTree = "<group>";
		};
		BECFF0032064AC6100F2D9DA /* Views */ = {
			isa = PBXGroup;
			children = (
				BECFF0042064AC7000F2D9DA /* Custom Views */,
				BECFEF682061BA1A00F2D9DA /* ViewController.swift */,
			);
			path = Views;
			sourceTree = "<group>";
		};
		BECFF0042064AC7000F2D9DA /* Custom Views */ = {
			isa = PBXGroup;
			children = (
				BECFF0072064ACA200F2D9DA /* CardView.swift */,
				BECFF0052064AC9800F2D9DA /* CardView.xib */,
			);
			path = "Custom Views";
			sourceTree = "<group>";
		};
/* End PBXGroup section */

/* Begin PBXNativeTarget section */
		BECFEF622061BA1A00F2D9DA /* LinkedList_CardDeck */ = {
			isa = PBXNativeTarget;
			buildConfigurationList = BECFEF802061BA1B00F2D9DA /* Build configuration list for PBXNativeTarget "LinkedList_CardDeck" */;
			buildPhases = (
				BECFEF5F2061BA1A00F2D9DA /* Sources */,
				BECFEF602061BA1A00F2D9DA /* Frameworks */,
				BECFEF612061BA1A00F2D9DA /* Resources */,
			);
			buildRules = (
			);
			dependencies = (
			);
			name = LinkedList_CardDeck;
			productName = LinkedList_CardDeck;
			productReference = BECFEF632061BA1A00F2D9DA /* LinkedList_CardDeck.app */;
			productType = "com.apple.product-type.application";
		};
		BECFEF762061BA1A00F2D9DA /* LinkedList_CardDeckTests */ = {
			isa = PBXNativeTarget;
			buildConfigurationList = BECFEF832061BA1B00F2D9DA /* Build configuration list for PBXNativeTarget "LinkedList_CardDeckTests" */;
			buildPhases = (
				BECFEF732061BA1A00F2D9DA /* Sources */,
				BECFEF742061BA1A00F2D9DA /* Frameworks */,
				BECFEF752061BA1A00F2D9DA /* Resources */,
			);
			buildRules = (
			);
			dependencies = (
				BECFEF792061BA1A00F2D9DA /* PBXTargetDependency */,
			);
			name = LinkedList_CardDeckTests;
			productName = LinkedList_CardDeckTests;
			productReference = BECFEF772061BA1A00F2D9DA /* LinkedList_CardDeckTests.xctest */;
			productType = "com.apple.product-type.bundle.unit-test";
		};
/* End PBXNativeTarget section */

/* Begin PBXProject section */
		BECFEF5B2061BA1A00F2D9DA /* Project object */ = {
			isa = PBXProject;
			attributes = {
				LastSwiftUpdateCheck = 0920;
				LastUpgradeCheck = 0920;
				ORGANIZATIONNAME = "Aldo Antonio Martinez Avalos";
				TargetAttributes = {
					BECFEF622061BA1A00F2D9DA = {
						CreatedOnToolsVersion = 9.2;
						ProvisioningStyle = Automatic;
					};
					BECFEF762061BA1A00F2D9DA = {
						CreatedOnToolsVersion = 9.2;
						ProvisioningStyle = Automatic;
						TestTargetID = BECFEF622061BA1A00F2D9DA;
					};
				};
			};
			buildConfigurationList = BECFEF5E2061BA1A00F2D9DA /* Build configuration list for PBXProject "LinkedList_CardDeck" */;
			compatibilityVersion = "Xcode 8.0";
			developmentRegion = en;
			hasScannedForEncodings = 0;
			knownRegions = (
				en,
				Base,
			);
			mainGroup = BECFEF5A2061BA1A00F2D9DA;
			productRefGroup = BECFEF642061BA1A00F2D9DA /* Products */;
			projectDirPath = "";
			projectRoot = "";
			targets = (
				BECFEF622061BA1A00F2D9DA /* LinkedList_CardDeck */,
				BECFEF762061BA1A00F2D9DA /* LinkedList_CardDeckTests */,
			);
		};
/* End PBXProject section */

/* Begin PBXResourcesBuildPhase section */
		BECFEF612061BA1A00F2D9DA /* Resources */ = {
			isa = PBXResourcesBuildPhase;
			buildActionMask = 2147483647;
			files = (
				BECFEFEF2063103400F2D9DA /* 4_of_clubs.png in Resources */,
				BECFEFD72063103400F2D9DA /* jack_of_diamonds.png in Resources */,
				BECFF0062064AC9800F2D9DA /* CardView.xib in Resources */,
				BECFEFD62063103400F2D9DA /* ace_of_spades.png in Resources */,
				BECFEFFD2063103400F2D9DA /* 4_of_spades.png in Resources */,
				BECFEFCA2063103400F2D9DA /* jack_of_hearts.png in Resources */,
				BECFEFD82063103400F2D9DA /* queen_of_clubs.png in Resources */,
				BECFEFC62063103400F2D9DA /* back.png in Resources */,
				BECFEFF62063103400F2D9DA /* 4_of_diamonds.png in Resources */,
				BECFEFE42063103400F2D9DA /* 3_of_diamonds.png in Resources */,
				BECFEFDB2063103400F2D9DA /* 7_of_hearts.png in Resources */,
				BECFEFEE2063103400F2D9DA /* queen_of_spades.png in Resources */,
				BECFEF712061BA1A00F2D9DA /* LaunchScreen.storyboard in Resources */,
				BECFEFE82063103400F2D9DA /* 5_of_spades.png in Resources */,
				BECFEF6E2061BA1A00F2D9DA /* Assets.xcassets in Resources */,
				BECFEFFC2063103400F2D9DA /* 6_of_spades.png in Resources */,
				BECFEFEB2063103400F2D9DA /* ace_of_hearts.png in Resources */,
				BECFEFED2063103400F2D9DA /* 6_of_diamonds.png in Resources */,
				BECFEF6C2061BA1A00F2D9DA /* Main.storyboard in Resources */,
				BECFEFF42063103400F2D9DA /* king_of_clubs.png in Resources */,
				BECFEFF72063103400F2D9DA /* 2_of_hearts.png in Resources */,
				BECFEFE92063103400F2D9DA /* jack_of_spades.png in Resources */,
				BECFEFF22063103400F2D9DA /* 4_of_hearts.png in Resources */,
				BECFEFDF2063103400F2D9DA /* 10_of_diamonds.png in Resources */,
				BECFEFD52063103400F2D9DA /* 6_of_clubs.png in Resources */,
				BECFEFDC2063103400F2D9DA /* 8_of_diamonds.png in Resources */,
				BECFEFD02063103400F2D9DA /* 8_of_spades.png in Resources */,
				BECFEFC82063103400F2D9DA /* 6_of_hearts.png in Resources */,
				BECFEFE62063103400F2D9DA /* 2_of_spades.png in Resources */,
				BECFEFD12063103400F2D9DA /* ace_of_diamonds.png in Resources */,
				BECFEFE22063103400F2D9DA /* 10_of_clubs.png in Resources */,
				BECFEFCB2063103400F2D9DA /* queen_of_diamonds.png in Resources */,
				BECFEFE52063103400F2D9DA /* queen_of_hearts.png in Resources */,
				BECFEFEC2063103400F2D9DA /* 9_of_diamonds.png in Resources */,
				BECFEFE72063103400F2D9DA /* king_of_diamonds.png in Resources */,
				BECFEFE02063103400F2D9DA /* 3_of_clubs.png in Resources */,
				BECFEFD22063103400F2D9DA /* back@2x.png in Resources */,
				BECFEFD32063103400F2D9DA /* king_of_hearts.png in Resources */,
				BECFEFF82063103400F2D9DA /* 9_of_hearts.png in Resources */,
				BECFEFF02063103400F2D9DA /* black_joker.png in Resources */,
				BECFEFCF2063103400F2D9DA /* 8_of_hearts.png in Resources */,
				BECFEFE32063103400F2D9DA /* 3_of_spades.png in Resources */,
				BECFEFC92063103400F2D9DA /* 7_of_spades.png in Resources */,
				BECFEFFB2063103400F2D9DA /* ace_of_clubs.png in Resources */,
				BECFEFF52063103400F2D9DA /* 10_of_hearts.png in Resources */,
				BECFEFD92063103400F2D9DA /* 7_of_diamonds.png in Resources */,
				BECFEFDA2063103400F2D9DA /* 5_of_clubs.png in Resources */,
				BECFEFD42063103400F2D9DA /* jack_of_clubs.png in Resources */,
				BECFEFCE2063103400F2D9DA /* 2_of_diamonds.png in Resources */,
				BECFEFC72063103400F2D9DA /* 8_of_clubs.png in Resources */,
				BECFEFCD2063103400F2D9DA /* king_of_spades.png in Resources */,
				BECFEFCC2063103400F2D9DA /* red_joker.png in Resources */,
				BECFEFDD2063103400F2D9DA /* 9_of_clubs.png in Resources */,
				BECFEFDE2063103400F2D9DA /* 5_of_diamonds.png in Resources */,
				BECFEFE12063103400F2D9DA /* 7_of_clubs.png in Resources */,
				BECFEFEA2063103400F2D9DA /* 3_of_hearts.png in Resources */,
				BECFEFF32063103400F2D9DA /* 5_of_hearts.png in Resources */,
				BECFEFF12063103400F2D9DA /* 2_of_clubs.png in Resources */,
				BECFEFF92063103400F2D9DA /* 9_of_spades.png in Resources */,
				BECFEFFA2063103400F2D9DA /* 10_of_spades.png in Resources */,
			);
			runOnlyForDeploymentPostprocessing = 0;
		};
		BECFEF752061BA1A00F2D9DA /* Resources */ = {
			isa = PBXResourcesBuildPhase;
			buildActionMask = 2147483647;
			files = (
			);
			runOnlyForDeploymentPostprocessing = 0;
		};
/* End PBXResourcesBuildPhase section */

/* Begin PBXSourcesBuildPhase section */
		BECFEF5F2061BA1A00F2D9DA /* Sources */ = {
			isa = PBXSourcesBuildPhase;
			buildActionMask = 2147483647;
			files = (
				BECFF0002063104A00F2D9DA /* Deck.swift in Sources */,
				BECFEF8C2062472200F2D9DA /* DoublyLinkedList.swift in Sources */,
				BECFF0022064ABF000F2D9DA /* Card.swift in Sources */,
				BECFEF8A206246D900F2D9DA /* LinkedListNode.swift in Sources */,
				BECFEF882061BA3200F2D9DA /* LinkedList.swift in Sources */,
				BECFEF692061BA1A00F2D9DA /* ViewController.swift in Sources */,
				BECFF0082064ACA200F2D9DA /* CardView.swift in Sources */,
				BECFEF672061BA1A00F2D9DA /* AppDelegate.swift in Sources */,
			);
			runOnlyForDeploymentPostprocessing = 0;
		};
		BECFEF732061BA1A00F2D9DA /* Sources */ = {
			isa = PBXSourcesBuildPhase;
			buildActionMask = 2147483647;
			files = (
				BECFEF7C2061BA1A00F2D9DA /* LinkedList_CardDeckTests.swift in Sources */,
			);
			runOnlyForDeploymentPostprocessing = 0;
		};
/* End PBXSourcesBuildPhase section */

/* Begin PBXTargetDependency section */
		BECFEF792061BA1A00F2D9DA /* PBXTargetDependency */ = {
			isa = PBXTargetDependency;
			target = BECFEF622061BA1A00F2D9DA /* LinkedList_CardDeck */;
			targetProxy = BECFEF782061BA1A00F2D9DA /* PBXContainerItemProxy */;
		};
/* End PBXTargetDependency section */

/* Begin PBXVariantGroup section */
		BECFEF6A2061BA1A00F2D9DA /* Main.storyboard */ = {
			isa = PBXVariantGroup;
			children = (
				BECFEF6B2061BA1A00F2D9DA /* Base */,
			);
			name = Main.storyboard;
			sourceTree = "<group>";
		};
		BECFEF6F2061BA1A00F2D9DA /* LaunchScreen.storyboard */ = {
			isa = PBXVariantGroup;
			children = (
				BECFEF702061BA1A00F2D9DA /* Base */,
			);
			name = LaunchScreen.storyboard;
			sourceTree = "<group>";
		};
/* End PBXVariantGroup section */

/* Begin XCBuildConfiguration section */
		BECFEF7E2061BA1B00F2D9DA /* Debug */ = {
			isa = XCBuildConfiguration;
			buildSettings = {
				ALWAYS_SEARCH_USER_PATHS = NO;
				CLANG_ANALYZER_NONNULL = YES;
				CLANG_ANALYZER_NUMBER_OBJECT_CONVERSION = YES_AGGRESSIVE;
				CLANG_CXX_LANGUAGE_STANDARD = "gnu++14";
				CLANG_CXX_LIBRARY = "libc++";
				CLANG_ENABLE_MODULES = YES;
				CLANG_ENABLE_OBJC_ARC = YES;
				CLANG_WARN_BLOCK_CAPTURE_AUTORELEASING = YES;
				CLANG_WARN_BOOL_CONVERSION = YES;
				CLANG_WARN_COMMA = YES;
				CLANG_WARN_CONSTANT_CONVERSION = YES;
				CLANG_WARN_DIRECT_OBJC_ISA_USAGE = YES_ERROR;
				CLANG_WARN_DOCUMENTATION_COMMENTS = YES;
				CLANG_WARN_EMPTY_BODY = YES;
				CLANG_WARN_ENUM_CONVERSION = YES;
				CLANG_WARN_INFINITE_RECURSION = YES;
				CLANG_WARN_INT_CONVERSION = YES;
				CLANG_WARN_NON_LITERAL_NULL_CONVERSION = YES;
				CLANG_WARN_OBJC_LITERAL_CONVERSION = YES;
				CLANG_WARN_OBJC_ROOT_CLASS = YES_ERROR;
				CLANG_WARN_RANGE_LOOP_ANALYSIS = YES;
				CLANG_WARN_STRICT_PROTOTYPES = YES;
				CLANG_WARN_SUSPICIOUS_MOVE = YES;
				CLANG_WARN_UNGUARDED_AVAILABILITY = YES_AGGRESSIVE;
				CLANG_WARN_UNREACHABLE_CODE = YES;
				CLANG_WARN__DUPLICATE_METHOD_MATCH = YES;
				CODE_SIGN_IDENTITY = "iPhone Developer";
				COPY_PHASE_STRIP = NO;
				DEBUG_INFORMATION_FORMAT = dwarf;
				ENABLE_STRICT_OBJC_MSGSEND = YES;
				ENABLE_TESTABILITY = YES;
				GCC_C_LANGUAGE_STANDARD = gnu11;
				GCC_DYNAMIC_NO_PIC = NO;
				GCC_NO_COMMON_BLOCKS = YES;
				GCC_OPTIMIZATION_LEVEL = 0;
				GCC_PREPROCESSOR_DEFINITIONS = (
					"DEBUG=1",
					"$(inherited)",
				);
				GCC_WARN_64_TO_32_BIT_CONVERSION = YES;
				GCC_WARN_ABOUT_RETURN_TYPE = YES_ERROR;
				GCC_WARN_UNDECLARED_SELECTOR = YES;
				GCC_WARN_UNINITIALIZED_AUTOS = YES_AGGRESSIVE;
				GCC_WARN_UNUSED_FUNCTION = YES;
				GCC_WARN_UNUSED_VARIABLE = YES;
				IPHONEOS_DEPLOYMENT_TARGET = 11.2;
				MTL_ENABLE_DEBUG_INFO = YES;
				ONLY_ACTIVE_ARCH = YES;
				SDKROOT = iphoneos;
				SWIFT_ACTIVE_COMPILATION_CONDITIONS = DEBUG;
				SWIFT_OPTIMIZATION_LEVEL = "-Onone";
			};
			name = Debug;
		};
		BECFEF7F2061BA1B00F2D9DA /* Release */ = {
			isa = XCBuildConfiguration;
			buildSettings = {
				ALWAYS_SEARCH_USER_PATHS = NO;
				CLANG_ANALYZER_NONNULL = YES;
				CLANG_ANALYZER_NUMBER_OBJECT_CONVERSION = YES_AGGRESSIVE;
				CLANG_CXX_LANGUAGE_STANDARD = "gnu++14";
				CLANG_CXX_LIBRARY = "libc++";
				CLANG_ENABLE_MODULES = YES;
				CLANG_ENABLE_OBJC_ARC = YES;
				CLANG_WARN_BLOCK_CAPTURE_AUTORELEASING = YES;
				CLANG_WARN_BOOL_CONVERSION = YES;
				CLANG_WARN_COMMA = YES;
				CLANG_WARN_CONSTANT_CONVERSION = YES;
				CLANG_WARN_DIRECT_OBJC_ISA_USAGE = YES_ERROR;
				CLANG_WARN_DOCUMENTATION_COMMENTS = YES;
				CLANG_WARN_EMPTY_BODY = YES;
				CLANG_WARN_ENUM_CONVERSION = YES;
				CLANG_WARN_INFINITE_RECURSION = YES;
				CLANG_WARN_INT_CONVERSION = YES;
				CLANG_WARN_NON_LITERAL_NULL_CONVERSION = YES;
				CLANG_WARN_OBJC_LITERAL_CONVERSION = YES;
				CLANG_WARN_OBJC_ROOT_CLASS = YES_ERROR;
				CLANG_WARN_RANGE_LOOP_ANALYSIS = YES;
				CLANG_WARN_STRICT_PROTOTYPES = YES;
				CLANG_WARN_SUSPICIOUS_MOVE = YES;
				CLANG_WARN_UNGUARDED_AVAILABILITY = YES_AGGRESSIVE;
				CLANG_WARN_UNREACHABLE_CODE = YES;
				CLANG_WARN__DUPLICATE_METHOD_MATCH = YES;
				CODE_SIGN_IDENTITY = "iPhone Developer";
				COPY_PHASE_STRIP = NO;
				DEBUG_INFORMATION_FORMAT = "dwarf-with-dsym";
				ENABLE_NS_ASSERTIONS = NO;
				ENABLE_STRICT_OBJC_MSGSEND = YES;
				GCC_C_LANGUAGE_STANDARD = gnu11;
				GCC_NO_COMMON_BLOCKS = YES;
				GCC_WARN_64_TO_32_BIT_CONVERSION = YES;
				GCC_WARN_ABOUT_RETURN_TYPE = YES_ERROR;
				GCC_WARN_UNDECLARED_SELECTOR = YES;
				GCC_WARN_UNINITIALIZED_AUTOS = YES_AGGRESSIVE;
				GCC_WARN_UNUSED_FUNCTION = YES;
				GCC_WARN_UNUSED_VARIABLE = YES;
				IPHONEOS_DEPLOYMENT_TARGET = 11.2;
				MTL_ENABLE_DEBUG_INFO = NO;
				SDKROOT = iphoneos;
				SWIFT_OPTIMIZATION_LEVEL = "-Owholemodule";
				VALIDATE_PRODUCT = YES;
			};
			name = Release;
		};
		BECFEF812061BA1B00F2D9DA /* Debug */ = {
			isa = XCBuildConfiguration;
			buildSettings = {
				ASSETCATALOG_COMPILER_APPICON_NAME = AppIcon;
				CODE_SIGN_STYLE = Automatic;
				DEVELOPMENT_TEAM = BC7GNY758G;
				INFOPLIST_FILE = LinkedList_CardDeck/Info.plist;
				LD_RUNPATH_SEARCH_PATHS = "$(inherited) @executable_path/Frameworks";
				PRODUCT_BUNDLE_IDENTIFIER = "com.globant.aldoavalos.LinkedList-CardDeck";
				PRODUCT_NAME = "$(TARGET_NAME)";
				SWIFT_VERSION = 4.0;
				TARGETED_DEVICE_FAMILY = "1,2";
			};
			name = Debug;
		};
		BECFEF822061BA1B00F2D9DA /* Release */ = {
			isa = XCBuildConfiguration;
			buildSettings = {
				ASSETCATALOG_COMPILER_APPICON_NAME = AppIcon;
				CODE_SIGN_STYLE = Automatic;
				DEVELOPMENT_TEAM = BC7GNY758G;
				INFOPLIST_FILE = LinkedList_CardDeck/Info.plist;
				LD_RUNPATH_SEARCH_PATHS = "$(inherited) @executable_path/Frameworks";
				PRODUCT_BUNDLE_IDENTIFIER = "com.globant.aldoavalos.LinkedList-CardDeck";
				PRODUCT_NAME = "$(TARGET_NAME)";
				SWIFT_VERSION = 4.0;
				TARGETED_DEVICE_FAMILY = "1,2";
			};
			name = Release;
		};
		BECFEF842061BA1B00F2D9DA /* Debug */ = {
			isa = XCBuildConfiguration;
			buildSettings = {
				ALWAYS_EMBED_SWIFT_STANDARD_LIBRARIES = YES;
				BUNDLE_LOADER = "$(TEST_HOST)";
				CODE_SIGN_STYLE = Automatic;
				DEVELOPMENT_TEAM = BC7GNY758G;
				INFOPLIST_FILE = LinkedList_CardDeckTests/Info.plist;
				LD_RUNPATH_SEARCH_PATHS = "$(inherited) @executable_path/Frameworks @loader_path/Frameworks";
				PRODUCT_BUNDLE_IDENTIFIER = "com.globant.aldoavalos.LinkedList-CardDeckTests";
				PRODUCT_NAME = "$(TARGET_NAME)";
				SWIFT_VERSION = 4.0;
				TARGETED_DEVICE_FAMILY = "1,2";
				TEST_HOST = "$(BUILT_PRODUCTS_DIR)/LinkedList_CardDeck.app/LinkedList_CardDeck";
			};
			name = Debug;
		};
		BECFEF852061BA1B00F2D9DA /* Release */ = {
			isa = XCBuildConfiguration;
			buildSettings = {
				ALWAYS_EMBED_SWIFT_STANDARD_LIBRARIES = YES;
				BUNDLE_LOADER = "$(TEST_HOST)";
				CODE_SIGN_STYLE = Automatic;
				DEVELOPMENT_TEAM = BC7GNY758G;
				INFOPLIST_FILE = LinkedList_CardDeckTests/Info.plist;
				LD_RUNPATH_SEARCH_PATHS = "$(inherited) @executable_path/Frameworks @loader_path/Frameworks";
				PRODUCT_BUNDLE_IDENTIFIER = "com.globant.aldoavalos.LinkedList-CardDeckTests";
				PRODUCT_NAME = "$(TARGET_NAME)";
				SWIFT_VERSION = 4.0;
				TARGETED_DEVICE_FAMILY = "1,2";
				TEST_HOST = "$(BUILT_PRODUCTS_DIR)/LinkedList_CardDeck.app/LinkedList_CardDeck";
			};
			name = Release;
		};
/* End XCBuildConfiguration section */

/* Begin XCConfigurationList section */
		BECFEF5E2061BA1A00F2D9DA /* Build configuration list for PBXProject "LinkedList_CardDeck" */ = {
			isa = XCConfigurationList;
			buildConfigurations = (
				BECFEF7E2061BA1B00F2D9DA /* Debug */,
				BECFEF7F2061BA1B00F2D9DA /* Release */,
			);
			defaultConfigurationIsVisible = 0;
			defaultConfigurationName = Release;
		};
		BECFEF802061BA1B00F2D9DA /* Build configuration list for PBXNativeTarget "LinkedList_CardDeck" */ = {
			isa = XCConfigurationList;
			buildConfigurations = (
				BECFEF812061BA1B00F2D9DA /* Debug */,
				BECFEF822061BA1B00F2D9DA /* Release */,
			);
			defaultConfigurationIsVisible = 0;
			defaultConfigurationName = Release;
		};
		BECFEF832061BA1B00F2D9DA /* Build configuration list for PBXNativeTarget "LinkedList_CardDeckTests" */ = {
			isa = XCConfigurationList;
			buildConfigurations = (
				BECFEF842061BA1B00F2D9DA /* Debug */,
				BECFEF852061BA1B00F2D9DA /* Release */,
			);
			defaultConfigurationIsVisible = 0;
			defaultConfigurationName = Release;
		};
/* End XCConfigurationList section */
	};
	rootObject = BECFEF5B2061BA1A00F2D9DA /* Project object */;
}
