// !$*UTF8*$!
{
	archiveVersion = 1;
	classes = {
	};
	objectVersion = 48;
	objects = {

/* Begin PBXBuildFile section */
		BECFEF672061BA1A00F2D9DA /* AppDelegate.swift in Sources */ = {isa = PBXBuildFile; fileRef = BECFEF662061BA1A00F2D9DA /* AppDelegate.swift */; };
		BECFEF692061BA1A00F2D9DA /* ViewController.swift in Sources */ = {isa = PBXBuildFile; fileRef = BECFEF682061BA1A00F2D9DA /* ViewController.swift */; };
		BECFEF6C2061BA1A00F2D9DA /* Main.storyboard in Resources */ = {isa = PBXBuildFile; fileRef = BECFEF6A2061BA1A00F2D9DA /* Main.storyboard */; };
		BECFEF6E2061BA1A00F2D9DA /* Assets.xcassets in Resources */ = {isa = PBXBuildFile; fileRef = BECFEF6D2061BA1A00F2D9DA /* Assets.xcassets */; };
		BECFEF712061BA1A00F2D9DA /* LaunchScreen.storyboard in Resources */ = {isa = PBXBuildFile; fileRef = BECFEF6F2061BA1A00F2D9DA /* LaunchScreen.storyboard */; };
		BECFEF7C2061BA1A00F2D9DA /* LinkedList_CardDeckTests.swift in Sources */ = {isa = PBXBuildFile; fileRef = BECFEF7B2061BA1A00F2D9DA /* LinkedList_CardDeckTests.swift */; };
		BECFEF882061BA3200F2D9DA /* LinkedList.swift in Sources */ = {isa = PBXBuildFile; fileRef = BECFEF872061BA3200F2D9DA /* LinkedList.swift */; };
		BECFEF8A206246D900F2D9DA /* LinkedListNode.swift in Sources */ = {isa = PBXBuildFile; fileRef = BECFEF89206246D900F2D9DA /* LinkedListNode.swift */; };
		BECFEF8C2062472200F2D9DA /* DoublyLinkedList.swift in Sources */ = {isa = PBXBuildFile; fileRef = BECFEF8B2062472200F2D9DA /* DoublyLinkedList.swift */; };
/* End PBXBuildFile section */

/* Begin PBXContainerItemProxy section */
		BECFEF782061BA1A00F2D9DA /* PBXContainerItemProxy */ = {
			isa = PBXContainerItemProxy;
			containerPortal = BECFEF5B2061BA1A00F2D9DA /* Project object */;
			proxyType = 1;
			remoteGlobalIDString = BECFEF622061BA1A00F2D9DA;
			remoteInfo = LinkedList_CardDeck;
		};
/* End PBXContainerItemProxy section */

/* Begin PBXFileReference section */
		BECFEF632061BA1A00F2D9DA /* LinkedList_CardDeck.app */ = {isa = PBXFileReference; explicitFileType = wrapper.application; includeInIndex = 0; path = LinkedList_CardDeck.app; sourceTree = BUILT_PRODUCTS_DIR; };
		BECFEF662061BA1A00F2D9DA /* AppDelegate.swift */ = {isa = PBXFileReference; lastKnownFileType = sourcecode.swift; path = AppDelegate.swift; sourceTree = "<group>"; };
		BECFEF682061BA1A00F2D9DA /* ViewController.swift */ = {isa = PBXFileReference; lastKnownFileType = sourcecode.swift; path = ViewController.swift; sourceTree = "<group>"; };
		BECFEF6B2061BA1A00F2D9DA /* Base */ = {isa = PBXFileReference; lastKnownFileType = file.storyboard; name = Base; path = Base.lproj/Main.storyboard; sourceTree = "<group>"; };
		BECFEF6D2061BA1A00F2D9DA /* Assets.xcassets */ = {isa = PBXFileReference; lastKnownFileType = folder.assetcatalog; path = Assets.xcassets; sourceTree = "<group>"; };
		BECFEF702061BA1A00F2D9DA /* Base */ = {isa = PBXFileReference; lastKnownFileType = file.storyboard; name = Base; path = Base.lproj/LaunchScreen.storyboard; sourceTree = "<group>"; };
		BECFEF722061BA1A00F2D9DA /* Info.plist */ = {isa = PBXFileReference; lastKnownFileType = text.plist.xml; path = Info.plist; sourceTree = "<group>"; };
		BECFEF772061BA1A00F2D9DA /* LinkedList_CardDeckTests.xctest */ = {isa = PBXFileReference; explicitFileType = wrapper.cfbundle; includeInIndex = 0; path = LinkedList_CardDeckTests.xctest; sourceTree = BUILT_PRODUCTS_DIR; };
		BECFEF7B2061BA1A00F2D9DA /* LinkedList_CardDeckTests.swift */ = {isa = PBXFileReference; lastKnownFileType = sourcecode.swift; path = LinkedList_CardDeckTests.swift; sourceTree = "<group>"; };
		BECFEF7D2061BA1B00F2D9DA /* Info.plist */ = {isa = PBXFileReference; lastKnownFileType = text.plist.xml; path = Info.plist; sourceTree = "<group>"; };
		BECFEF872061BA3200F2D9DA /* LinkedList.swift */ = {isa = PBXFileReference; lastKnownFileType = sourcecode.swift; path = LinkedList.swift; sourceTree = "<group>"; };
		BECFEF89206246D900F2D9DA /* LinkedListNode.swift */ = {isa = PBXFileReference; lastKnownFileType = sourcecode.swift; path = LinkedListNode.swift; sourceTree = "<group>"; };
		BECFEF8B2062472200F2D9DA /* DoublyLinkedList.swift */ = {isa = PBXFileReference; lastKnownFileType = sourcecode.swift; path = DoublyLinkedList.swift; sourceTree = "<group>"; };
/* End PBXFileReference section */

/* Begin PBXFrameworksBuildPhase section */
		BECFEF602061BA1A00F2D9DA /* Frameworks */ = {
			isa = PBXFrameworksBuildPhase;
			buildActionMask = 2147483647;
			files = (
			);
			runOnlyForDeploymentPostprocessing = 0;
		};
		BECFEF742061BA1A00F2D9DA /* Frameworks */ = {
			isa = PBXFrameworksBuildPhase;
			buildActionMask = 2147483647;
			files = (
			);
			runOnlyForDeploymentPostprocessing = 0;
		};
/* End PBXFrameworksBuildPhase section */

/* Begin PBXGroup section */
		BECFEF5A2061BA1A00F2D9DA = {
			isa = PBXGroup;
			children = (
				BECFEF652061BA1A00F2D9DA /* LinkedList_CardDeck */,
				BECFEF7A2061BA1A00F2D9DA /* LinkedList_CardDeckTests */,
				BECFEF642061BA1A00F2D9DA /* Products */,
			);
			sourceTree = "<group>";
		};
		BECFEF642061BA1A00F2D9DA /* Products */ = {
			isa = PBXGroup;
			children = (
				BECFEF632061BA1A00F2D9DA /* LinkedList_CardDeck.app */,
				BECFEF772061BA1A00F2D9DA /* LinkedList_CardDeckTests.xctest */,
			);
			name = Products;
			sourceTree = "<group>";
		};
		BECFEF652061BA1A00F2D9DA /* LinkedList_CardDeck */ = {
			isa = PBXGroup;
			children = (
				BECFEF862061BA2400F2D9DA /* Data Structures */,
				BECFEF662061BA1A00F2D9DA /* AppDelegate.swift */,
				BECFEF682061BA1A00F2D9DA /* ViewController.swift */,
				BECFEF6A2061BA1A00F2D9DA /* Main.storyboard */,
				BECFEF6D2061BA1A00F2D9DA /* Assets.xcassets */,
				BECFEF6F2061BA1A00F2D9DA /* LaunchScreen.storyboard */,
				BECFEF722061BA1A00F2D9DA /* Info.plist */,
			);
			path = LinkedList_CardDeck;
			sourceTree = "<group>";
		};
		BECFEF7A2061BA1A00F2D9DA /* LinkedList_CardDeckTests */ = {
			isa = PBXGroup;
			children = (
				BECFEF7B2061BA1A00F2D9DA /* LinkedList_CardDeckTests.swift */,
				BECFEF7D2061BA1B00F2D9DA /* Info.plist */,
			);
			path = LinkedList_CardDeckTests;
			sourceTree = "<group>";
		};
		BECFEF862061BA2400F2D9DA /* Data Structures */ = {
			isa = PBXGroup;
			children = (
				BECFEF89206246D900F2D9DA /* LinkedListNode.swift */,
				BECFEF872061BA3200F2D9DA /* LinkedList.swift */,
				BECFEF8B2062472200F2D9DA /* DoublyLinkedList.swift */,
			);
			path = "Data Structures";
			sourceTree = "<group>";
		};
/* End PBXGroup section */

/* Begin PBXNativeTarget section */
		BECFEF622061BA1A00F2D9DA /* LinkedList_CardDeck */ = {
			isa = PBXNativeTarget;
			buildConfigurationList = BECFEF802061BA1B00F2D9DA /* Build configuration list for PBXNativeTarget "LinkedList_CardDeck" */;
			buildPhases = (
				BECFEF5F2061BA1A00F2D9DA /* Sources */,
				BECFEF602061BA1A00F2D9DA /* Frameworks */,
				BECFEF612061BA1A00F2D9DA /* Resources */,
			);
			buildRules = (
			);
			dependencies = (
			);
			name = LinkedList_CardDeck;
			productName = LinkedList_CardDeck;
			productReference = BECFEF632061BA1A00F2D9DA /* LinkedList_CardDeck.app */;
			productType = "com.apple.product-type.application";
		};
		BECFEF762061BA1A00F2D9DA /* LinkedList_CardDeckTests */ = {
			isa = PBXNativeTarget;
			buildConfigurationList = BECFEF832061BA1B00F2D9DA /* Build configuration list for PBXNativeTarget "LinkedList_CardDeckTests" */;
			buildPhases = (
				BECFEF732061BA1A00F2D9DA /* Sources */,
				BECFEF742061BA1A00F2D9DA /* Frameworks */,
				BECFEF752061BA1A00F2D9DA /* Resources */,
			);
			buildRules = (
			);
			dependencies = (
				BECFEF792061BA1A00F2D9DA /* PBXTargetDependency */,
			);
			name = LinkedList_CardDeckTests;
			productName = LinkedList_CardDeckTests;
			productReference = BECFEF772061BA1A00F2D9DA /* LinkedList_CardDeckTests.xctest */;
			productType = "com.apple.product-type.bundle.unit-test";
		};
/* End PBXNativeTarget section */

/* Begin PBXProject section */
		BECFEF5B2061BA1A00F2D9DA /* Project object */ = {
			isa = PBXProject;
			attributes = {
				LastSwiftUpdateCheck = 0920;
				LastUpgradeCheck = 0920;
				ORGANIZATIONNAME = "Aldo Antonio Martinez Avalos";
				TargetAttributes = {
					BECFEF622061BA1A00F2D9DA = {
						CreatedOnToolsVersion = 9.2;
						ProvisioningStyle = Automatic;
					};
					BECFEF762061BA1A00F2D9DA = {
						CreatedOnToolsVersion = 9.2;
						ProvisioningStyle = Automatic;
						TestTargetID = BECFEF622061BA1A00F2D9DA;
					};
				};
			};
			buildConfigurationList = BECFEF5E2061BA1A00F2D9DA /* Build configuration list for PBXProject "LinkedList_CardDeck" */;
			compatibilityVersion = "Xcode 8.0";
			developmentRegion = en;
			hasScannedForEncodings = 0;
			knownRegions = (
				en,
				Base,
			);
			mainGroup = BECFEF5A2061BA1A00F2D9DA;
			productRefGroup = BECFEF642061BA1A00F2D9DA /* Products */;
			projectDirPath = "";
			projectRoot = "";
			targets = (
				BECFEF622061BA1A00F2D9DA /* LinkedList_CardDeck */,
				BECFEF762061BA1A00F2D9DA /* LinkedList_CardDeckTests */,
			);
		};
/* End PBXProject section */

/* Begin PBXResourcesBuildPhase section */
		BECFEF612061BA1A00F2D9DA /* Resources */ = {
			isa = PBXResourcesBuildPhase;
			buildActionMask = 2147483647;
			files = (
				BECFEF712061BA1A00F2D9DA /* LaunchScreen.storyboard in Resources */,
				BECFEF6E2061BA1A00F2D9DA /* Assets.xcassets in Resources */,
				BECFEF6C2061BA1A00F2D9DA /* Main.storyboard in Resources */,
			);
			runOnlyForDeploymentPostprocessing = 0;
		};
		BECFEF752061BA1A00F2D9DA /* Resources */ = {
			isa = PBXResourcesBuildPhase;
			buildActionMask = 2147483647;
			files = (
			);
			runOnlyForDeploymentPostprocessing = 0;
		};
/* End PBXResourcesBuildPhase section */

/* Begin PBXSourcesBuildPhase section */
		BECFEF5F2061BA1A00F2D9DA /* Sources */ = {
			isa = PBXSourcesBuildPhase;
			buildActionMask = 2147483647;
			files = (
				BECFEF8C2062472200F2D9DA /* DoublyLinkedList.swift in Sources */,
				BECFEF8A206246D900F2D9DA /* LinkedListNode.swift in Sources */,
				BECFEF882061BA3200F2D9DA /* LinkedList.swift in Sources */,
				BECFEF692061BA1A00F2D9DA /* ViewController.swift in Sources */,
				BECFEF672061BA1A00F2D9DA /* AppDelegate.swift in Sources */,
			);
			runOnlyForDeploymentPostprocessing = 0;
		};
		BECFEF732061BA1A00F2D9DA /* Sources */ = {
			isa = PBXSourcesBuildPhase;
			buildActionMask = 2147483647;
			files = (
				BECFEF7C2061BA1A00F2D9DA /* LinkedList_CardDeckTests.swift in Sources */,
			);
			runOnlyForDeploymentPostprocessing = 0;
		};
/* End PBXSourcesBuildPhase section */

/* Begin PBXTargetDependency section */
		BECFEF792061BA1A00F2D9DA /* PBXTargetDependency */ = {
			isa = PBXTargetDependency;
			target = BECFEF622061BA1A00F2D9DA /* LinkedList_CardDeck */;
			targetProxy = BECFEF782061BA1A00F2D9DA /* PBXContainerItemProxy */;
		};
/* End PBXTargetDependency section */

/* Begin PBXVariantGroup section */
		BECFEF6A2061BA1A00F2D9DA /* Main.storyboard */ = {
			isa = PBXVariantGroup;
			children = (
				BECFEF6B2061BA1A00F2D9DA /* Base */,
			);
			name = Main.storyboard;
			sourceTree = "<group>";
		};
		BECFEF6F2061BA1A00F2D9DA /* LaunchScreen.storyboard */ = {
			isa = PBXVariantGroup;
			children = (
				BECFEF702061BA1A00F2D9DA /* Base */,
			);
			name = LaunchScreen.storyboard;
			sourceTree = "<group>";
		};
/* End PBXVariantGroup section */

/* Begin XCBuildConfiguration section */
		BECFEF7E2061BA1B00F2D9DA /* Debug */ = {
			isa = XCBuildConfiguration;
			buildSettings = {
				ALWAYS_SEARCH_USER_PATHS = NO;
				CLANG_ANALYZER_NONNULL = YES;
				CLANG_ANALYZER_NUMBER_OBJECT_CONVERSION = YES_AGGRESSIVE;
				CLANG_CXX_LANGUAGE_STANDARD = "gnu++14";
				CLANG_CXX_LIBRARY = "libc++";
				CLANG_ENABLE_MODULES = YES;
				CLANG_ENABLE_OBJC_ARC = YES;
				CLANG_WARN_BLOCK_CAPTURE_AUTORELEASING = YES;
				CLANG_WARN_BOOL_CONVERSION = YES;
				CLANG_WARN_COMMA = YES;
				CLANG_WARN_CONSTANT_CONVERSION = YES;
				CLANG_WARN_DIRECT_OBJC_ISA_USAGE = YES_ERROR;
				CLANG_WARN_DOCUMENTATION_COMMENTS = YES;
				CLANG_WARN_EMPTY_BODY = YES;
				CLANG_WARN_ENUM_CONVERSION = YES;
				CLANG_WARN_INFINITE_RECURSION = YES;
				CLANG_WARN_INT_CONVERSION = YES;
				CLANG_WARN_NON_LITERAL_NULL_CONVERSION = YES;
				CLANG_WARN_OBJC_LITERAL_CONVERSION = YES;
				CLANG_WARN_OBJC_ROOT_CLASS = YES_ERROR;
				CLANG_WARN_RANGE_LOOP_ANALYSIS = YES;
				CLANG_WARN_STRICT_PROTOTYPES = YES;
				CLANG_WARN_SUSPICIOUS_MOVE = YES;
				CLANG_WARN_UNGUARDED_AVAILABILITY = YES_AGGRESSIVE;
				CLANG_WARN_UNREACHABLE_CODE = YES;
				CLANG_WARN__DUPLICATE_METHOD_MATCH = YES;
				CODE_SIGN_IDENTITY = "iPhone Developer";
				COPY_PHASE_STRIP = NO;
				DEBUG_INFORMATION_FORMAT = dwarf;
				ENABLE_STRICT_OBJC_MSGSEND = YES;
				ENABLE_TESTABILITY = YES;
				GCC_C_LANGUAGE_STANDARD = gnu11;
				GCC_DYNAMIC_NO_PIC = NO;
				GCC_NO_COMMON_BLOCKS = YES;
				GCC_OPTIMIZATION_LEVEL = 0;
				GCC_PREPROCESSOR_DEFINITIONS = (
					"DEBUG=1",
					"$(inherited)",
				);
				GCC_WARN_64_TO_32_BIT_CONVERSION = YES;
				GCC_WARN_ABOUT_RETURN_TYPE = YES_ERROR;
				GCC_WARN_UNDECLARED_SELECTOR = YES;
				GCC_WARN_UNINITIALIZED_AUTOS = YES_AGGRESSIVE;
				GCC_WARN_UNUSED_FUNCTION = YES;
				GCC_WARN_UNUSED_VARIABLE = YES;
				IPHONEOS_DEPLOYMENT_TARGET = 11.2;
				MTL_ENABLE_DEBUG_INFO = YES;
				ONLY_ACTIVE_ARCH = YES;
				SDKROOT = iphoneos;
				SWIFT_ACTIVE_COMPILATION_CONDITIONS = DEBUG;
				SWIFT_OPTIMIZATION_LEVEL = "-Onone";
			};
			name = Debug;
		};
		BECFEF7F2061BA1B00F2D9DA /* Release */ = {
			isa = XCBuildConfiguration;
			buildSettings = {
				ALWAYS_SEARCH_USER_PATHS = NO;
				CLANG_ANALYZER_NONNULL = YES;
				CLANG_ANALYZER_NUMBER_OBJECT_CONVERSION = YES_AGGRESSIVE;
				CLANG_CXX_LANGUAGE_STANDARD = "gnu++14";
				CLANG_CXX_LIBRARY = "libc++";
				CLANG_ENABLE_MODULES = YES;
				CLANG_ENABLE_OBJC_ARC = YES;
				CLANG_WARN_BLOCK_CAPTURE_AUTORELEASING = YES;
				CLANG_WARN_BOOL_CONVERSION = YES;
				CLANG_WARN_COMMA = YES;
				CLANG_WARN_CONSTANT_CONVERSION = YES;
				CLANG_WARN_DIRECT_OBJC_ISA_USAGE = YES_ERROR;
				CLANG_WARN_DOCUMENTATION_COMMENTS = YES;
				CLANG_WARN_EMPTY_BODY = YES;
				CLANG_WARN_ENUM_CONVERSION = YES;
				CLANG_WARN_INFINITE_RECURSION = YES;
				CLANG_WARN_INT_CONVERSION = YES;
				CLANG_WARN_NON_LITERAL_NULL_CONVERSION = YES;
				CLANG_WARN_OBJC_LITERAL_CONVERSION = YES;
				CLANG_WARN_OBJC_ROOT_CLASS = YES_ERROR;
				CLANG_WARN_RANGE_LOOP_ANALYSIS = YES;
				CLANG_WARN_STRICT_PROTOTYPES = YES;
				CLANG_WARN_SUSPICIOUS_MOVE = YES;
				CLANG_WARN_UNGUARDED_AVAILABILITY = YES_AGGRESSIVE;
				CLANG_WARN_UNREACHABLE_CODE = YES;
				CLANG_WARN__DUPLICATE_METHOD_MATCH = YES;
				CODE_SIGN_IDENTITY = "iPhone Developer";
				COPY_PHASE_STRIP = NO;
				DEBUG_INFORMATION_FORMAT = "dwarf-with-dsym";
				ENABLE_NS_ASSERTIONS = NO;
				ENABLE_STRICT_OBJC_MSGSEND = YES;
				GCC_C_LANGUAGE_STANDARD = gnu11;
				GCC_NO_COMMON_BLOCKS = YES;
				GCC_WARN_64_TO_32_BIT_CONVERSION = YES;
				GCC_WARN_ABOUT_RETURN_TYPE = YES_ERROR;
				GCC_WARN_UNDECLARED_SELECTOR = YES;
				GCC_WARN_UNINITIALIZED_AUTOS = YES_AGGRESSIVE;
				GCC_WARN_UNUSED_FUNCTION = YES;
				GCC_WARN_UNUSED_VARIABLE = YES;
				IPHONEOS_DEPLOYMENT_TARGET = 11.2;
				MTL_ENABLE_DEBUG_INFO = NO;
				SDKROOT = iphoneos;
				SWIFT_OPTIMIZATION_LEVEL = "-Owholemodule";
				VALIDATE_PRODUCT = YES;
			};
			name = Release;
		};
		BECFEF812061BA1B00F2D9DA /* Debug */ = {
			isa = XCBuildConfiguration;
			buildSettings = {
				ASSETCATALOG_COMPILER_APPICON_NAME = AppIcon;
				CODE_SIGN_STYLE = Automatic;
				DEVELOPMENT_TEAM = BC7GNY758G;
				INFOPLIST_FILE = LinkedList_CardDeck/Info.plist;
				LD_RUNPATH_SEARCH_PATHS = "$(inherited) @executable_path/Frameworks";
				PRODUCT_BUNDLE_IDENTIFIER = "com.globant.aldoavalos.LinkedList-CardDeck";
				PRODUCT_NAME = "$(TARGET_NAME)";
				SWIFT_VERSION = 4.0;
				TARGETED_DEVICE_FAMILY = "1,2";
			};
			name = Debug;
		};
		BECFEF822061BA1B00F2D9DA /* Release */ = {
			isa = XCBuildConfiguration;
			buildSettings = {
				ASSETCATALOG_COMPILER_APPICON_NAME = AppIcon;
				CODE_SIGN_STYLE = Automatic;
				DEVELOPMENT_TEAM = BC7GNY758G;
				INFOPLIST_FILE = LinkedList_CardDeck/Info.plist;
				LD_RUNPATH_SEARCH_PATHS = "$(inherited) @executable_path/Frameworks";
				PRODUCT_BUNDLE_IDENTIFIER = "com.globant.aldoavalos.LinkedList-CardDeck";
				PRODUCT_NAME = "$(TARGET_NAME)";
				SWIFT_VERSION = 4.0;
				TARGETED_DEVICE_FAMILY = "1,2";
			};
			name = Release;
		};
		BECFEF842061BA1B00F2D9DA /* Debug */ = {
			isa = XCBuildConfiguration;
			buildSettings = {
				ALWAYS_EMBED_SWIFT_STANDARD_LIBRARIES = YES;
				BUNDLE_LOADER = "$(TEST_HOST)";
				CODE_SIGN_STYLE = Automatic;
				DEVELOPMENT_TEAM = BC7GNY758G;
				INFOPLIST_FILE = LinkedList_CardDeckTests/Info.plist;
				LD_RUNPATH_SEARCH_PATHS = "$(inherited) @executable_path/Frameworks @loader_path/Frameworks";
				PRODUCT_BUNDLE_IDENTIFIER = "com.globant.aldoavalos.LinkedList-CardDeckTests";
				PRODUCT_NAME = "$(TARGET_NAME)";
				SWIFT_VERSION = 4.0;
				TARGETED_DEVICE_FAMILY = "1,2";
				TEST_HOST = "$(BUILT_PRODUCTS_DIR)/LinkedList_CardDeck.app/LinkedList_CardDeck";
			};
			name = Debug;
		};
		BECFEF852061BA1B00F2D9DA /* Release */ = {
			isa = XCBuildConfiguration;
			buildSettings = {
				ALWAYS_EMBED_SWIFT_STANDARD_LIBRARIES = YES;
				BUNDLE_LOADER = "$(TEST_HOST)";
				CODE_SIGN_STYLE = Automatic;
				DEVELOPMENT_TEAM = BC7GNY758G;
				INFOPLIST_FILE = LinkedList_CardDeckTests/Info.plist;
				LD_RUNPATH_SEARCH_PATHS = "$(inherited) @executable_path/Frameworks @loader_path/Frameworks";
				PRODUCT_BUNDLE_IDENTIFIER = "com.globant.aldoavalos.LinkedList-CardDeckTests";
				PRODUCT_NAME = "$(TARGET_NAME)";
				SWIFT_VERSION = 4.0;
				TARGETED_DEVICE_FAMILY = "1,2";
				TEST_HOST = "$(BUILT_PRODUCTS_DIR)/LinkedList_CardDeck.app/LinkedList_CardDeck";
			};
			name = Release;
		};
/* End XCBuildConfiguration section */

/* Begin XCConfigurationList section */
		BECFEF5E2061BA1A00F2D9DA /* Build configuration list for PBXProject "LinkedList_CardDeck" */ = {
			isa = XCConfigurationList;
			buildConfigurations = (
				BECFEF7E2061BA1B00F2D9DA /* Debug */,
				BECFEF7F2061BA1B00F2D9DA /* Release */,
			);
			defaultConfigurationIsVisible = 0;
			defaultConfigurationName = Release;
		};
		BECFEF802061BA1B00F2D9DA /* Build configuration list for PBXNativeTarget "LinkedList_CardDeck" */ = {
			isa = XCConfigurationList;
			buildConfigurations = (
				BECFEF812061BA1B00F2D9DA /* Debug */,
				BECFEF822061BA1B00F2D9DA /* Release */,
			);
			defaultConfigurationIsVisible = 0;
			defaultConfigurationName = Release;
		};
		BECFEF832061BA1B00F2D9DA /* Build configuration list for PBXNativeTarget "LinkedList_CardDeckTests" */ = {
			isa = XCConfigurationList;
			buildConfigurations = (
				BECFEF842061BA1B00F2D9DA /* Debug */,
				BECFEF852061BA1B00F2D9DA /* Release */,
			);
			defaultConfigurationIsVisible = 0;
			defaultConfigurationName = Release;
		};
/* End XCConfigurationList section */
	};
	rootObject = BECFEF5B2061BA1A00F2D9DA /* Project object */;
}
